
Microsoft Visual Studio Solution File, Format Version 12.00
# Visual Studio 15
VisualStudioVersion = 15.0.28010.2046
MinimumVisualStudioVersion = 10.0.40219.1
Project("{FAE04EC0-301F-11D3-BF4B-00C04F79EFBC}") = "week09.1", "week09.1\week09.1.csproj", "{8CDD3DDD-FA9C-443D-8BBD-CD74A0C73E59}"
EndProject
Global
	GlobalSection(SolutionConfigurationPlatforms) = preSolution
		Debug|Any CPU = Debug|Any CPU
		Release|Any CPU = Release|Any CPU
	EndGlobalSection
	GlobalSection(ProjectConfigurationPlatforms) = postSolution
		{8CDD3DDD-FA9C-443D-8BBD-CD74A0C73E59}.Debug|Any CPU.ActiveCfg = Debug|Any CPU
		{8CDD3DDD-FA9C-443D-8BBD-CD74A0C73E59}.Debug|Any CPU.Build.0 = Debug|Any CPU
		{8CDD3DDD-FA9C-443D-8BBD-CD74A0C73E59}.Release|Any CPU.ActiveCfg = Release|Any CPU
		{8CDD3DDD-FA9C-443D-8BBD-CD74A0C73E59}.Release|Any CPU.Build.0 = Release|Any CPU
	EndGlobalSection
	GlobalSection(SolutionProperties) = preSolution
		HideSolutionNode = FALSE
	EndGlobalSection
	GlobalSection(ExtensibilityGlobals) = postSolution
		SolutionGuid = {82C6D16F-A893-452E-9A7A-B927158610F5}
	EndGlobalSection
EndGlobal
